{
  "name": "client",
  "lockfileVersion": 3,
  "requires": true,
  "packages": {}
  "version": "1.0.0",
  "lockfileVersion": 3,
  "requires": true,
  "packages": {
    "": {
      "name": "client",
      "version": "1.0.0",
      "devDependencies": {
        "@testing-library/jest-dom": "file:vendor/@testing-library/jest-dom",
        "@testing-library/react": "file:vendor/@testing-library/react",
        "@testing-library/user-event": "file:vendor/@testing-library/user-event",
        "jsdom": "file:vendor/jsdom",
        "vitest": "file:vendor/vitest"
      }
    },
    "node_modules/@testing-library/jest-dom": {
      "resolved": "vendor/@testing-library/jest-dom",
      "link": true
    },
    "node_modules/@testing-library/react": {
      "resolved": "vendor/@testing-library/react",
      "link": true
    },
    "node_modules/@testing-library/user-event": {
      "resolved": "vendor/@testing-library/user-event",
      "link": true
    },
    "node_modules/jsdom": {
      "resolved": "vendor/jsdom",
      "link": true
    },
    "node_modules/vitest": {
      "resolved": "vendor/vitest",
      "link": true
    },
    "vendor/@testing-library/jest-dom": {
      "version": "6.4.2",
      "dev": true
    },
    "vendor/@testing-library/react": {
      "version": "16.1.0",
      "dev": true
    },
    "vendor/@testing-library/user-event": {
      "version": "14.5.2",
      "dev": true
    },
    "vendor/jsdom": {
      "version": "24.1.1",
      "dev": true
    },
    "vendor/vitest": {
      "version": "1.6.0",
      "dev": true,
      "bin": {
        "vitest": "bin/vitest.js"
      }
    }
  }
}
